
Microsoft Visual Studio Solution File, Format Version 12.00
# Visual Studio Version 17
VisualStudioVersion = 17.6.33723.286
MinimumVisualStudioVersion = 10.0.40219.1
Project("{FAE04EC0-301F-11D3-BF4B-00C04F79EFBC}") = "Hello World", "Hello World.csproj", "{628B61E2-CAF7-46E5-A1CD-0BDFC5FE2068}"
EndProject
Global
	GlobalSection(SolutionConfigurationPlatforms) = preSolution
		Debug|Any CPU = Debug|Any CPU
		Release|Any CPU = Release|Any CPU
	EndGlobalSection
	GlobalSection(ProjectConfigurationPlatforms) = postSolution
		{628B61E2-CAF7-46E5-A1CD-0BDFC5FE2068}.Debug|Any CPU.ActiveCfg = Debug|Any CPU
		{628B61E2-CAF7-46E5-A1CD-0BDFC5FE2068}.Debug|Any CPU.Build.0 = Debug|Any CPU
		{628B61E2-CAF7-46E5-A1CD-0BDFC5FE2068}.Release|Any CPU.ActiveCfg = Release|Any CPU
		{628B61E2-CAF7-46E5-A1CD-0BDFC5FE2068}.Release|Any CPU.Build.0 = Release|Any CPU
	EndGlobalSection
	GlobalSection(SolutionProperties) = preSolution
		HideSolutionNode = FALSE
	EndGlobalSection
	GlobalSection(ExtensibilityGlobals) = postSolution
		SolutionGuid = {9FEB441A-D023-44B5-B102-DA505F87B0E4}
	EndGlobalSection
EndGlobal
